// !$*UTF8*$!
{
	archiveVersion = 1;
	classes = {
	};
	objectVersion = 50;
	objects = {

/* Begin PBXBuildFile section */
		DE522F342092C68C004EF49B /* AVC.swift in Sources */ = {isa = PBXBuildFile; fileRef = DE522F332092C68C004EF49B /* AVC.swift */; };
		DE522F362092C6D9004EF49B /* A.storyboard in Resources */ = {isa = PBXBuildFile; fileRef = DE522F352092C6D9004EF49B /* A.storyboard */; };
		DE78D32C2092CC7A00367BA1 /* BVC.swift in Sources */ = {isa = PBXBuildFile; fileRef = DE78D32B2092CC7A00367BA1 /* BVC.swift */; };
		DE78D32E2092CCBF00367BA1 /* B.storyboard in Resources */ = {isa = PBXBuildFile; fileRef = DE78D32D2092CCBF00367BA1 /* B.storyboard */; };
		DEC2065F2092C20C005E4050 /* AppDelegate.swift in Sources */ = {isa = PBXBuildFile; fileRef = DEC2065E2092C20C005E4050 /* AppDelegate.swift */; };
		DEC206612092C20C005E4050 /* ViewController.swift in Sources */ = {isa = PBXBuildFile; fileRef = DEC206602092C20C005E4050 /* ViewController.swift */; };
		DEC206642092C20C005E4050 /* Main.storyboard in Resources */ = {isa = PBXBuildFile; fileRef = DEC206622092C20C005E4050 /* Main.storyboard */; };
		DEC206662092C20D005E4050 /* Assets.xcassets in Resources */ = {isa = PBXBuildFile; fileRef = DEC206652092C20D005E4050 /* Assets.xcassets */; };
		DEC206692092C20D005E4050 /* LaunchScreen.storyboard in Resources */ = {isa = PBXBuildFile; fileRef = DEC206672092C20D005E4050 /* LaunchScreen.storyboard */; };
		DEC206742092C20D005E4050 /* ContainerViewPlayTests.swift in Sources */ = {isa = PBXBuildFile; fileRef = DEC206732092C20D005E4050 /* ContainerViewPlayTests.swift */; };
		DEC2067F2092C20D005E4050 /* ContainerViewPlayUITests.swift in Sources */ = {isa = PBXBuildFile; fileRef = DEC2067E2092C20D005E4050 /* ContainerViewPlayUITests.swift */; };
/* End PBXBuildFile section */

/* Begin PBXContainerItemProxy section */
		DEC206702092C20D005E4050 /* PBXContainerItemProxy */ = {
			isa = PBXContainerItemProxy;
			containerPortal = DEC206532092C20C005E4050 /* Project object */;
			proxyType = 1;
			remoteGlobalIDString = DEC2065A2092C20C005E4050;
			remoteInfo = ContainerViewPlay;
		};
		DEC2067B2092C20D005E4050 /* PBXContainerItemProxy */ = {
			isa = PBXContainerItemProxy;
			containerPortal = DEC206532092C20C005E4050 /* Project object */;
			proxyType = 1;
			remoteGlobalIDString = DEC2065A2092C20C005E4050;
			remoteInfo = ContainerViewPlay;
		};
/* End PBXContainerItemProxy section */

/* Begin PBXFileReference section */
		DE522F332092C68C004EF49B /* AVC.swift */ = {isa = PBXFileReference; lastKnownFileType = sourcecode.swift; path = AVC.swift; sourceTree = "<group>"; };
		DE522F352092C6D9004EF49B /* A.storyboard */ = {isa = PBXFileReference; lastKnownFileType = file.storyboard; path = A.storyboard; sourceTree = "<group>"; };
		DE78D32B2092CC7A00367BA1 /* BVC.swift */ = {isa = PBXFileReference; lastKnownFileType = sourcecode.swift; path = BVC.swift; sourceTree = "<group>"; };
		DE78D32D2092CCBF00367BA1 /* B.storyboard */ = {isa = PBXFileReference; lastKnownFileType = file.storyboard; path = B.storyboard; sourceTree = "<group>"; };
		DEC2065B2092C20C005E4050 /* ContainerViewPlay.app */ = {isa = PBXFileReference; explicitFileType = wrapper.application; includeInIndex = 0; path = ContainerViewPlay.app; sourceTree = BUILT_PRODUCTS_DIR; };
		DEC2065E2092C20C005E4050 /* AppDelegate.swift */ = {isa = PBXFileReference; lastKnownFileType = sourcecode.swift; path = AppDelegate.swift; sourceTree = "<group>"; };
		DEC206602092C20C005E4050 /* ViewController.swift */ = {isa = PBXFileReference; lastKnownFileType = sourcecode.swift; path = ViewController.swift; sourceTree = "<group>"; };
		DEC206632092C20C005E4050 /* Base */ = {isa = PBXFileReference; lastKnownFileType = file.storyboard; name = Base; path = Base.lproj/Main.storyboard; sourceTree = "<group>"; };
		DEC206652092C20D005E4050 /* Assets.xcassets */ = {isa = PBXFileReference; lastKnownFileType = folder.assetcatalog; path = Assets.xcassets; sourceTree = "<group>"; };
		DEC206682092C20D005E4050 /* Base */ = {isa = PBXFileReference; lastKnownFileType = file.storyboard; name = Base; path = Base.lproj/LaunchScreen.storyboard; sourceTree = "<group>"; };
		DEC2066A2092C20D005E4050 /* Info.plist */ = {isa = PBXFileReference; lastKnownFileType = text.plist.xml; path = Info.plist; sourceTree = "<group>"; };
		DEC2066F2092C20D005E4050 /* ContainerViewPlayTests.xctest */ = {isa = PBXFileReference; explicitFileType = wrapper.cfbundle; includeInIndex = 0; path = ContainerViewPlayTests.xctest; sourceTree = BUILT_PRODUCTS_DIR; };
		DEC206732092C20D005E4050 /* ContainerViewPlayTests.swift */ = {isa = PBXFileReference; lastKnownFileType = sourcecode.swift; path = ContainerViewPlayTests.swift; sourceTree = "<group>"; };
		DEC206752092C20D005E4050 /* Info.plist */ = {isa = PBXFileReference; lastKnownFileType = text.plist.xml; path = Info.plist; sourceTree = "<group>"; };
		DEC2067A2092C20D005E4050 /* ContainerViewPlayUITests.xctest */ = {isa = PBXFileReference; explicitFileType = wrapper.cfbundle; includeInIndex = 0; path = ContainerViewPlayUITests.xctest; sourceTree = BUILT_PRODUCTS_DIR; };
		DEC2067E2092C20D005E4050 /* ContainerViewPlayUITests.swift */ = {isa = PBXFileReference; lastKnownFileType = sourcecode.swift; path = ContainerViewPlayUITests.swift; sourceTree = "<group>"; };
		DEC206802092C20D005E4050 /* Info.plist */ = {isa = PBXFileReference; lastKnownFileType = text.plist.xml; path = Info.plist; sourceTree = "<group>"; };
/* End PBXFileReference section */

/* Begin PBXFrameworksBuildPhase section */
		DEC206582092C20C005E4050 /* Frameworks */ = {
			isa = PBXFrameworksBuildPhase;
			buildActionMask = 2147483647;
			files = (
			);
			runOnlyForDeploymentPostprocessing = 0;
		};
		DEC2066C2092C20D005E4050 /* Frameworks */ = {
			isa = PBXFrameworksBuildPhase;
			buildActionMask = 2147483647;
			files = (
			);
			runOnlyForDeploymentPostprocessing = 0;
		};
		DEC206772092C20D005E4050 /* Frameworks */ = {
			isa = PBXFrameworksBuildPhase;
			buildActionMask = 2147483647;
			files = (
			);
			runOnlyForDeploymentPostprocessing = 0;
		};
/* End PBXFrameworksBuildPhase section */

/* Begin PBXGroup section */
		DEC206522092C20C005E4050 = {
			isa = PBXGroup;
			children = (
				DEC2065D2092C20C005E4050 /* ContainerViewPlay */,
				DEC206722092C20D005E4050 /* ContainerViewPlayTests */,
				DEC2067D2092C20D005E4050 /* ContainerViewPlayUITests */,
				DEC2065C2092C20C005E4050 /* Products */,
			);
			sourceTree = "<group>";
		};
		DEC2065C2092C20C005E4050 /* Products */ = {
			isa = PBXGroup;
			children = (
				DEC2065B2092C20C005E4050 /* ContainerViewPlay.app */,
				DEC2066F2092C20D005E4050 /* ContainerViewPlayTests.xctest */,
				DEC2067A2092C20D005E4050 /* ContainerViewPlayUITests.xctest */,
			);
			name = Products;
			sourceTree = "<group>";
		};
		DEC2065D2092C20C005E4050 /* ContainerViewPlay */ = {
			isa = PBXGroup;
			children = (
				DE522F352092C6D9004EF49B /* A.storyboard */,
				DE78D32D2092CCBF00367BA1 /* B.storyboard */,
				DE522F332092C68C004EF49B /* AVC.swift */,
				DEC2065E2092C20C005E4050 /* AppDelegate.swift */,
				DE78D32B2092CC7A00367BA1 /* BVC.swift */,
				DEC206602092C20C005E4050 /* ViewController.swift */,
				DEC206622092C20C005E4050 /* Main.storyboard */,
				DEC206652092C20D005E4050 /* Assets.xcassets */,
				DEC206672092C20D005E4050 /* LaunchScreen.storyboard */,
				DEC2066A2092C20D005E4050 /* Info.plist */,
			);
			path = ContainerViewPlay;
			sourceTree = "<group>";
		};
		DEC206722092C20D005E4050 /* ContainerViewPlayTests */ = {
			isa = PBXGroup;
			children = (
				DEC206732092C20D005E4050 /* ContainerViewPlayTests.swift */,
				DEC206752092C20D005E4050 /* Info.plist */,
			);
			path = ContainerViewPlayTests;
			sourceTree = "<group>";
		};
		DEC2067D2092C20D005E4050 /* ContainerViewPlayUITests */ = {
			isa = PBXGroup;
			children = (
				DEC2067E2092C20D005E4050 /* ContainerViewPlayUITests.swift */,
				DEC206802092C20D005E4050 /* Info.plist */,
			);
			path = ContainerViewPlayUITests;
			sourceTree = "<group>";
		};
/* End PBXGroup section */

/* Begin PBXNativeTarget section */
		DEC2065A2092C20C005E4050 /* ContainerViewPlay */ = {
			isa = PBXNativeTarget;
			buildConfigurationList = DEC206832092C20D005E4050 /* Build configuration list for PBXNativeTarget "ContainerViewPlay" */;
			buildPhases = (
				DEC206572092C20C005E4050 /* Sources */,
				DEC206582092C20C005E4050 /* Frameworks */,
				DEC206592092C20C005E4050 /* Resources */,
			);
			buildRules = (
			);
			dependencies = (
			);
			name = ContainerViewPlay;
			productName = ContainerViewPlay;
			productReference = DEC2065B2092C20C005E4050 /* ContainerViewPlay.app */;
			productType = "com.apple.product-type.application";
		};
		DEC2066E2092C20D005E4050 /* ContainerViewPlayTests */ = {
			isa = PBXNativeTarget;
			buildConfigurationList = DEC206862092C20D005E4050 /* Build configuration list for PBXNativeTarget "ContainerViewPlayTests" */;
			buildPhases = (
				DEC2066B2092C20D005E4050 /* Sources */,
				DEC2066C2092C20D005E4050 /* Frameworks */,
				DEC2066D2092C20D005E4050 /* Resources */,
			);
			buildRules = (
			);
			dependencies = (
				DEC206712092C20D005E4050 /* PBXTargetDependency */,
			);
			name = ContainerViewPlayTests;
			productName = ContainerViewPlayTests;
			productReference = DEC2066F2092C20D005E4050 /* ContainerViewPlayTests.xctest */;
			productType = "com.apple.product-type.bundle.unit-test";
		};
		DEC206792092C20D005E4050 /* ContainerViewPlayUITests */ = {
			isa = PBXNativeTarget;
			buildConfigurationList = DEC206892092C20D005E4050 /* Build configuration list for PBXNativeTarget "ContainerViewPlayUITests" */;
			buildPhases = (
				DEC206762092C20D005E4050 /* Sources */,
				DEC206772092C20D005E4050 /* Frameworks */,
				DEC206782092C20D005E4050 /* Resources */,
			);
			buildRules = (
			);
			dependencies = (
				DEC2067C2092C20D005E4050 /* PBXTargetDependency */,
			);
			name = ContainerViewPlayUITests;
			productName = ContainerViewPlayUITests;
			productReference = DEC2067A2092C20D005E4050 /* ContainerViewPlayUITests.xctest */;
			productType = "com.apple.product-type.bundle.ui-testing";
		};
/* End PBXNativeTarget section */

/* Begin PBXProject section */
		DEC206532092C20C005E4050 /* Project object */ = {
			isa = PBXProject;
			attributes = {
				LastSwiftUpdateCheck = 0930;
				LastUpgradeCheck = 0930;
				ORGANIZATIONNAME = "Beepscore LLC";
				TargetAttributes = {
					DEC2065A2092C20C005E4050 = {
						CreatedOnToolsVersion = 9.3;
						LastSwiftMigration = 1020;
					};
					DEC2066E2092C20D005E4050 = {
						CreatedOnToolsVersion = 9.3;
						LastSwiftMigration = 1020;
						TestTargetID = DEC2065A2092C20C005E4050;
					};
					DEC206792092C20D005E4050 = {
						CreatedOnToolsVersion = 9.3;
						LastSwiftMigration = 1020;
						TestTargetID = DEC2065A2092C20C005E4050;
					};
				};
			};
			buildConfigurationList = DEC206562092C20C005E4050 /* Build configuration list for PBXProject "ContainerViewPlay" */;
			compatibilityVersion = "Xcode 9.3";
			developmentRegion = en;
			hasScannedForEncodings = 0;
			knownRegions = (
				en,
				Base,
			);
			mainGroup = DEC206522092C20C005E4050;
			productRefGroup = DEC2065C2092C20C005E4050 /* Products */;
			projectDirPath = "";
			projectRoot = "";
			targets = (
				DEC2065A2092C20C005E4050 /* ContainerViewPlay */,
				DEC2066E2092C20D005E4050 /* ContainerViewPlayTests */,
				DEC206792092C20D005E4050 /* ContainerViewPlayUITests */,
			);
		};
/* End PBXProject section */

/* Begin PBXResourcesBuildPhase section */
		DEC206592092C20C005E4050 /* Resources */ = {
			isa = PBXResourcesBuildPhase;
			buildActionMask = 2147483647;
			files = (
				DE522F362092C6D9004EF49B /* A.storyboard in Resources */,
				DEC206692092C20D005E4050 /* LaunchScreen.storyboard in Resources */,
				DE78D32E2092CCBF00367BA1 /* B.storyboard in Resources */,
				DEC206662092C20D005E4050 /* Assets.xcassets in Resources */,
				DEC206642092C20C005E4050 /* Main.storyboard in Resources */,
			);
			runOnlyForDeploymentPostprocessing = 0;
		};
		DEC2066D2092C20D005E4050 /* Resources */ = {
			isa = PBXResourcesBuildPhase;
			buildActionMask = 2147483647;
			files = (
			);
			runOnlyForDeploymentPostprocessing = 0;
		};
		DEC206782092C20D005E4050 /* Resources */ = {
			isa = PBXResourcesBuildPhase;
			buildActionMask = 2147483647;
			files = (
			);
			runOnlyForDeploymentPostprocessing = 0;
		};
/* End PBXResourcesBuildPhase section */

/* Begin PBXSourcesBuildPhase section */
		DEC206572092C20C005E4050 /* Sources */ = {
			isa = PBXSourcesBuildPhase;
			buildActionMask = 2147483647;
			files = (
				DE522F342092C68C004EF49B /* AVC.swift in Sources */,
				DEC206612092C20C005E4050 /* ViewController.swift in Sources */,
				DEC2065F2092C20C005E4050 /* AppDelegate.swift in Sources */,
				DE78D32C2092CC7A00367BA1 /* BVC.swift in Sources */,
			);
			runOnlyForDeploymentPostprocessing = 0;
		};
		DEC2066B2092C20D005E4050 /* Sources */ = {
			isa = PBXSourcesBuildPhase;
			buildActionMask = 2147483647;
			files = (
				DEC206742092C20D005E4050 /* ContainerViewPlayTests.swift in Sources */,
			);
			runOnlyForDeploymentPostprocessing = 0;
		};
		DEC206762092C20D005E4050 /* Sources */ = {
			isa = PBXSourcesBuildPhase;
			buildActionMask = 2147483647;
			files = (
				DEC2067F2092C20D005E4050 /* ContainerViewPlayUITests.swift in Sources */,
			);
			runOnlyForDeploymentPostprocessing = 0;
		};
/* End PBXSourcesBuildPhase section */

/* Begin PBXTargetDependency section */
		DEC206712092C20D005E4050 /* PBXTargetDependency */ = {
			isa = PBXTargetDependency;
			target = DEC2065A2092C20C005E4050 /* ContainerViewPlay */;
			targetProxy = DEC206702092C20D005E4050 /* PBXContainerItemProxy */;
		};
		DEC2067C2092C20D005E4050 /* PBXTargetDependency */ = {
			isa = PBXTargetDependency;
			target = DEC2065A2092C20C005E4050 /* ContainerViewPlay */;
			targetProxy = DEC2067B2092C20D005E4050 /* PBXContainerItemProxy */;
		};
/* End PBXTargetDependency section */

/* Begin PBXVariantGroup section */
		DEC206622092C20C005E4050 /* Main.storyboard */ = {
			isa = PBXVariantGroup;
			children = (
				DEC206632092C20C005E4050 /* Base */,
			);
			name = Main.storyboard;
			sourceTree = "<group>";
		};
		DEC206672092C20D005E4050 /* LaunchScreen.storyboard */ = {
			isa = PBXVariantGroup;
			children = (
				DEC206682092C20D005E4050 /* Base */,
			);
			name = LaunchScreen.storyboard;
			sourceTree = "<group>";
		};
/* End PBXVariantGroup section */

/* Begin XCBuildConfiguration section */
		DEC206812092C20D005E4050 /* Debug */ = {
			isa = XCBuildConfiguration;
			buildSettings = {
				ALWAYS_SEARCH_USER_PATHS = NO;
				CLANG_ANALYZER_NONNULL = YES;
				CLANG_ANALYZER_NUMBER_OBJECT_CONVERSION = YES_AGGRESSIVE;
				CLANG_CXX_LANGUAGE_STANDARD = "gnu++14";
				CLANG_CXX_LIBRARY = "libc++";
				CLANG_ENABLE_MODULES = YES;
				CLANG_ENABLE_OBJC_ARC = YES;
				CLANG_ENABLE_OBJC_WEAK = YES;
				CLANG_WARN_BLOCK_CAPTURE_AUTORELEASING = YES;
				CLANG_WARN_BOOL_CONVERSION = YES;
				CLANG_WARN_COMMA = YES;
				CLANG_WARN_CONSTANT_CONVERSION = YES;
				CLANG_WARN_DEPRECATED_OBJC_IMPLEMENTATIONS = YES;
				CLANG_WARN_DIRECT_OBJC_ISA_USAGE = YES_ERROR;
				CLANG_WARN_DOCUMENTATION_COMMENTS = YES;
				CLANG_WARN_EMPTY_BODY = YES;
				CLANG_WARN_ENUM_CONVERSION = YES;
				CLANG_WARN_INFINITE_RECURSION = YES;
				CLANG_WARN_INT_CONVERSION = YES;
				CLANG_WARN_NON_LITERAL_NULL_CONVERSION = YES;
				CLANG_WARN_OBJC_IMPLICIT_RETAIN_SELF = YES;
				CLANG_WARN_OBJC_LITERAL_CONVERSION = YES;
				CLANG_WARN_OBJC_ROOT_CLASS = YES_ERROR;
				CLANG_WARN_RANGE_LOOP_ANALYSIS = YES;
				CLANG_WARN_STRICT_PROTOTYPES = YES;
				CLANG_WARN_SUSPICIOUS_MOVE = YES;
				CLANG_WARN_UNGUARDED_AVAILABILITY = YES_AGGRESSIVE;
				CLANG_WARN_UNREACHABLE_CODE = YES;
				CLANG_WARN__DUPLICATE_METHOD_MATCH = YES;
				CODE_SIGN_IDENTITY = "iPhone Developer";
				COPY_PHASE_STRIP = NO;
				DEBUG_INFORMATION_FORMAT = dwarf;
				ENABLE_STRICT_OBJC_MSGSEND = YES;
				ENABLE_TESTABILITY = YES;
				GCC_C_LANGUAGE_STANDARD = gnu11;
				GCC_DYNAMIC_NO_PIC = NO;
				GCC_NO_COMMON_BLOCKS = YES;
				GCC_OPTIMIZATION_LEVEL = 0;
				GCC_PREPROCESSOR_DEFINITIONS = (
					"DEBUG=1",
					"$(inherited)",
				);
				GCC_WARN_64_TO_32_BIT_CONVERSION = YES;
				GCC_WARN_ABOUT_RETURN_TYPE = YES_ERROR;
				GCC_WARN_UNDECLARED_SELECTOR = YES;
				GCC_WARN_UNINITIALIZED_AUTOS = YES_AGGRESSIVE;
				GCC_WARN_UNUSED_FUNCTION = YES;
				GCC_WARN_UNUSED_VARIABLE = YES;
				IPHONEOS_DEPLOYMENT_TARGET = 11.3;
				MTL_ENABLE_DEBUG_INFO = YES;
				ONLY_ACTIVE_ARCH = YES;
				SDKROOT = iphoneos;
				SWIFT_ACTIVE_COMPILATION_CONDITIONS = DEBUG;
				SWIFT_OPTIMIZATION_LEVEL = "-Onone";
			};
			name = Debug;
		};
		DEC206822092C20D005E4050 /* Release */ = {
			isa = XCBuildConfiguration;
			buildSettings = {
				ALWAYS_SEARCH_USER_PATHS = NO;
				CLANG_ANALYZER_NONNULL = YES;
				CLANG_ANALYZER_NUMBER_OBJECT_CONVERSION = YES_AGGRESSIVE;
				CLANG_CXX_LANGUAGE_STANDARD = "gnu++14";
				CLANG_CXX_LIBRARY = "libc++";
				CLANG_ENABLE_MODULES = YES;
				CLANG_ENABLE_OBJC_ARC = YES;
				CLANG_ENABLE_OBJC_WEAK = YES;
				CLANG_WARN_BLOCK_CAPTURE_AUTORELEASING = YES;
				CLANG_WARN_BOOL_CONVERSION = YES;
				CLANG_WARN_COMMA = YES;
				CLANG_WARN_CONSTANT_CONVERSION = YES;
				CLANG_WARN_DEPRECATED_OBJC_IMPLEMENTATIONS = YES;
				CLANG_WARN_DIRECT_OBJC_ISA_USAGE = YES_ERROR;
				CLANG_WARN_DOCUMENTATION_COMMENTS = YES;
				CLANG_WARN_EMPTY_BODY = YES;
				CLANG_WARN_ENUM_CONVERSION = YES;
				CLANG_WARN_INFINITE_RECURSION = YES;
				CLANG_WARN_INT_CONVERSION = YES;
				CLANG_WARN_NON_LITERAL_NULL_CONVERSION = YES;
				CLANG_WARN_OBJC_IMPLICIT_RETAIN_SELF = YES;
				CLANG_WARN_OBJC_LITERAL_CONVERSION = YES;
				CLANG_WARN_OBJC_ROOT_CLASS = YES_ERROR;
				CLANG_WARN_RANGE_LOOP_ANALYSIS = YES;
				CLANG_WARN_STRICT_PROTOTYPES = YES;
				CLANG_WARN_SUSPICIOUS_MOVE = YES;
				CLANG_WARN_UNGUARDED_AVAILABILITY = YES_AGGRESSIVE;
				CLANG_WARN_UNREACHABLE_CODE = YES;
				CLANG_WARN__DUPLICATE_METHOD_MATCH = YES;
				CODE_SIGN_IDENTITY = "iPhone Developer";
				COPY_PHASE_STRIP = NO;
				DEBUG_INFORMATION_FORMAT = "dwarf-with-dsym";
				ENABLE_NS_ASSERTIONS = NO;
				ENABLE_STRICT_OBJC_MSGSEND = YES;
				GCC_C_LANGUAGE_STANDARD = gnu11;
				GCC_NO_COMMON_BLOCKS = YES;
				GCC_WARN_64_TO_32_BIT_CONVERSION = YES;
				GCC_WARN_ABOUT_RETURN_TYPE = YES_ERROR;
				GCC_WARN_UNDECLARED_SELECTOR = YES;
				GCC_WARN_UNINITIALIZED_AUTOS = YES_AGGRESSIVE;
				GCC_WARN_UNUSED_FUNCTION = YES;
				GCC_WARN_UNUSED_VARIABLE = YES;
				IPHONEOS_DEPLOYMENT_TARGET = 11.3;
				MTL_ENABLE_DEBUG_INFO = NO;
				SDKROOT = iphoneos;
				SWIFT_COMPILATION_MODE = wholemodule;
				SWIFT_OPTIMIZATION_LEVEL = "-O";
				VALIDATE_PRODUCT = YES;
			};
			name = Release;
		};
		DEC206842092C20D005E4050 /* Debug */ = {
			isa = XCBuildConfiguration;
			buildSettings = {
				ASSETCATALOG_COMPILER_APPICON_NAME = AppIcon;
				CODE_SIGN_STYLE = Automatic;
				DEVELOPMENT_TEAM = J2LXK9FK3W;
				INFOPLIST_FILE = ContainerViewPlay/Info.plist;
				LD_RUNPATH_SEARCH_PATHS = (
					"$(inherited)",
					"@executable_path/Frameworks",
				);
				PRODUCT_BUNDLE_IDENTIFIER = com.beepscore.ContainerViewPlay;
				PRODUCT_NAME = "$(TARGET_NAME)";
				SWIFT_VERSION = 5.0;
				TARGETED_DEVICE_FAMILY = "1,2";
			};
			name = Debug;
		};
		DEC206852092C20D005E4050 /* Release */ = {
			isa = XCBuildConfiguration;
			buildSettings = {
				ASSETCATALOG_COMPILER_APPICON_NAME = AppIcon;
				CODE_SIGN_STYLE = Automatic;
				DEVELOPMENT_TEAM = J2LXK9FK3W;
				INFOPLIST_FILE = ContainerViewPlay/Info.plist;
				LD_RUNPATH_SEARCH_PATHS = (
					"$(inherited)",
					"@executable_path/Frameworks",
				);
				PRODUCT_BUNDLE_IDENTIFIER = com.beepscore.ContainerViewPlay;
				PRODUCT_NAME = "$(TARGET_NAME)";
				SWIFT_VERSION = 5.0;
				TARGETED_DEVICE_FAMILY = "1,2";
			};
			name = Release;
		};
		DEC206872092C20D005E4050 /* Debug */ = {
			isa = XCBuildConfiguration;
			buildSettings = {
				ALWAYS_EMBED_SWIFT_STANDARD_LIBRARIES = YES;
				BUNDLE_LOADER = "$(TEST_HOST)";
				CODE_SIGN_STYLE = Automatic;
				DEVELOPMENT_TEAM = J2LXK9FK3W;
				INFOPLIST_FILE = ContainerViewPlayTests/Info.plist;
				LD_RUNPATH_SEARCH_PATHS = (
					"$(inherited)",
					"@executable_path/Frameworks",
					"@loader_path/Frameworks",
				);
				PRODUCT_BUNDLE_IDENTIFIER = com.beepscore.ContainerViewPlayTests;
				PRODUCT_NAME = "$(TARGET_NAME)";
				SWIFT_VERSION = 5.0;
				TARGETED_DEVICE_FAMILY = "1,2";
				TEST_HOST = "$(BUILT_PRODUCTS_DIR)/ContainerViewPlay.app/ContainerViewPlay";
			};
			name = Debug;
		};
		DEC206882092C20D005E4050 /* Release */ = {
			isa = XCBuildConfiguration;
			buildSettings = {
				ALWAYS_EMBED_SWIFT_STANDARD_LIBRARIES = YES;
				BUNDLE_LOADER = "$(TEST_HOST)";
				CODE_SIGN_STYLE = Automatic;
				DEVELOPMENT_TEAM = J2LXK9FK3W;
				INFOPLIST_FILE = ContainerViewPlayTests/Info.plist;
				LD_RUNPATH_SEARCH_PATHS = (
					"$(inherited)",
					"@executable_path/Frameworks",
					"@loader_path/Frameworks",
				);
				PRODUCT_BUNDLE_IDENTIFIER = com.beepscore.ContainerViewPlayTests;
				PRODUCT_NAME = "$(TARGET_NAME)";
				SWIFT_VERSION = 5.0;
				TARGETED_DEVICE_FAMILY = "1,2";
				TEST_HOST = "$(BUILT_PRODUCTS_DIR)/ContainerViewPlay.app/ContainerViewPlay";
			};
			name = Release;
		};
		DEC2068A2092C20D005E4050 /* Debug */ = {
			isa = XCBuildConfiguration;
			buildSettings = {
				ALWAYS_EMBED_SWIFT_STANDARD_LIBRARIES = YES;
				CODE_SIGN_STYLE = Automatic;
				DEVELOPMENT_TEAM = J2LXK9FK3W;
				INFOPLIST_FILE = ContainerViewPlayUITests/Info.plist;
				LD_RUNPATH_SEARCH_PATHS = (
					"$(inherited)",
					"@executable_path/Frameworks",
					"@loader_path/Frameworks",
				);
				PRODUCT_BUNDLE_IDENTIFIER = com.beepscore.ContainerViewPlayUITests;
				PRODUCT_NAME = "$(TARGET_NAME)";
				SWIFT_VERSION = 5.0;
				TARGETED_DEVICE_FAMILY = "1,2";
				TEST_TARGET_NAME = ContainerViewPlay;
			};
			name = Debug;
		};
		DEC2068B2092C20D005E4050 /* Release */ = {
			isa = XCBuildConfiguration;
			buildSettings = {
				ALWAYS_EMBED_SWIFT_STANDARD_LIBRARIES = YES;
				CODE_SIGN_STYLE = Automatic;
				DEVELOPMENT_TEAM = J2LXK9FK3W;
				INFOPLIST_FILE = ContainerViewPlayUITests/Info.plist;
				LD_RUNPATH_SEARCH_PATHS = (
					"$(inherited)",
					"@executable_path/Frameworks",
					"@loader_path/Frameworks",
				);
				PRODUCT_BUNDLE_IDENTIFIER = com.beepscore.ContainerViewPlayUITests;
				PRODUCT_NAME = "$(TARGET_NAME)";
				SWIFT_VERSION = 5.0;
				TARGETED_DEVICE_FAMILY = "1,2";
				TEST_TARGET_NAME = ContainerViewPlay;
			};
			name = Release;
		};
/* End XCBuildConfiguration section */

/* Begin XCConfigurationList section */
		DEC206562092C20C005E4050 /* Build configuration list for PBXProject "ContainerViewPlay" */ = {
			isa = XCConfigurationList;
			buildConfigurations = (
				DEC206812092C20D005E4050 /* Debug */,
				DEC206822092C20D005E4050 /* Release */,
			);
			defaultConfigurationIsVisible = 0;
			defaultConfigurationName = Release;
		};
		DEC206832092C20D005E4050 /* Build configuration list for PBXNativeTarget "ContainerViewPlay" */ = {
			isa = XCConfigurationList;
			buildConfigurations = (
				DEC206842092C20D005E4050 /* Debug */,
				DEC206852092C20D005E4050 /* Release */,
			);
			defaultConfigurationIsVisible = 0;
			defaultConfigurationName = Release;
		};
		DEC206862092C20D005E4050 /* Build configuration list for PBXNativeTarget "ContainerViewPlayTests" */ = {
			isa = XCConfigurationList;
			buildConfigurations = (
				DEC206872092C20D005E4050 /* Debug */,
				DEC206882092C20D005E4050 /* Release */,
			);
			defaultConfigurationIsVisible = 0;
			defaultConfigurationName = Release;
		};
		DEC206892092C20D005E4050 /* Build configuration list for PBXNativeTarget "ContainerViewPlayUITests" */ = {
			isa = XCConfigurationList;
			buildConfigurations = (
				DEC2068A2092C20D005E4050 /* Debug */,
				DEC2068B2092C20D005E4050 /* Release */,
			);
			defaultConfigurationIsVisible = 0;
			defaultConfigurationName = Release;
		};
/* End XCConfigurationList section */
	};
	rootObject = DEC206532092C20C005E4050 /* Project object */;
}
